// !$*UTF8*$!
{
	archiveVersion = 1;
	classes = {
	};
	objectVersion = 56;
	objects = {

/* Begin PBXBuildFile section */
		EB1C088C298683F200BC7FA8 /* AppDelegate.swift in Sources */ = {isa = PBXBuildFile; fileRef = EB1C088B298683F200BC7FA8 /* AppDelegate.swift */; };
		EB1C088E298683F200BC7FA8 /* SceneDelegate.swift in Sources */ = {isa = PBXBuildFile; fileRef = EB1C088D298683F200BC7FA8 /* SceneDelegate.swift */; };
		EB1C0890298683F200BC7FA8 /* HomeScreen.swift in Sources */ = {isa = PBXBuildFile; fileRef = EB1C088F298683F200BC7FA8 /* HomeScreen.swift */; };
		EB1C0893298683F200BC7FA8 /* Main.storyboard in Resources */ = {isa = PBXBuildFile; fileRef = EB1C0891298683F200BC7FA8 /* Main.storyboard */; };
		EB1C0895298683F300BC7FA8 /* Assets.xcassets in Resources */ = {isa = PBXBuildFile; fileRef = EB1C0894298683F300BC7FA8 /* Assets.xcassets */; };
		EB1C0898298683F300BC7FA8 /* LaunchScreen.storyboard in Resources */ = {isa = PBXBuildFile; fileRef = EB1C0896298683F300BC7FA8 /* LaunchScreen.storyboard */; };
		EB234BD22987329E003F0E91 /* Extensions.swift in Sources */ = {isa = PBXBuildFile; fileRef = EB234BD12987329E003F0E91 /* Extensions.swift */; };
		EB72C3AF29871A020047B251 /* Post.swift in Sources */ = {isa = PBXBuildFile; fileRef = EB72C3AE29871A020047B251 /* Post.swift */; };
		EB72C3B829871B060047B251 /* TableViewCell.swift in Sources */ = {isa = PBXBuildFile; fileRef = EB72C3B729871B060047B251 /* TableViewCell.swift */; };
		EB72C3BA29871B240047B251 /* HomeScreenProtocols.swift in Sources */ = {isa = PBXBuildFile; fileRef = EB72C3B929871B240047B251 /* HomeScreenProtocols.swift */; };
		EB72C3BC29871B380047B251 /* HomeScreenRouter.swift in Sources */ = {isa = PBXBuildFile; fileRef = EB72C3BB29871B380047B251 /* HomeScreenRouter.swift */; };
		EB72C3BE29871B550047B251 /* HomeScreenInteractor.swift in Sources */ = {isa = PBXBuildFile; fileRef = EB72C3BD29871B550047B251 /* HomeScreenInteractor.swift */; };
		EB72C3C029871B650047B251 /* HomeScreenPresenter.swift in Sources */ = {isa = PBXBuildFile; fileRef = EB72C3BF29871B650047B251 /* HomeScreenPresenter.swift */; };
/* End PBXBuildFile section */

/* Begin PBXFileReference section */
		EB1C0888298683F200BC7FA8 /* LinkedInCloneHw6.app */ = {isa = PBXFileReference; explicitFileType = wrapper.application; includeInIndex = 0; path = LinkedInCloneHw6.app; sourceTree = BUILT_PRODUCTS_DIR; };
		EB1C088B298683F200BC7FA8 /* AppDelegate.swift */ = {isa = PBXFileReference; lastKnownFileType = sourcecode.swift; path = AppDelegate.swift; sourceTree = "<group>"; };
		EB1C088D298683F200BC7FA8 /* SceneDelegate.swift */ = {isa = PBXFileReference; lastKnownFileType = sourcecode.swift; path = SceneDelegate.swift; sourceTree = "<group>"; };
		EB1C088F298683F200BC7FA8 /* HomeScreen.swift */ = {isa = PBXFileReference; lastKnownFileType = sourcecode.swift; path = HomeScreen.swift; sourceTree = "<group>"; };
		EB1C0892298683F200BC7FA8 /* Base */ = {isa = PBXFileReference; lastKnownFileType = file.storyboard; name = Base; path = Base.lproj/Main.storyboard; sourceTree = "<group>"; };
		EB1C0894298683F300BC7FA8 /* Assets.xcassets */ = {isa = PBXFileReference; lastKnownFileType = folder.assetcatalog; path = Assets.xcassets; sourceTree = "<group>"; };
		EB1C0897298683F300BC7FA8 /* Base */ = {isa = PBXFileReference; lastKnownFileType = file.storyboard; name = Base; path = Base.lproj/LaunchScreen.storyboard; sourceTree = "<group>"; };
		EB1C0899298683F300BC7FA8 /* Info.plist */ = {isa = PBXFileReference; lastKnownFileType = text.plist.xml; path = Info.plist; sourceTree = "<group>"; };
		EB234BD12987329E003F0E91 /* Extensions.swift */ = {isa = PBXFileReference; lastKnownFileType = sourcecode.swift; path = Extensions.swift; sourceTree = "<group>"; };
		EB72C3AE29871A020047B251 /* Post.swift */ = {isa = PBXFileReference; lastKnownFileType = sourcecode.swift; path = Post.swift; sourceTree = "<group>"; };
		EB72C3B729871B060047B251 /* TableViewCell.swift */ = {isa = PBXFileReference; lastKnownFileType = sourcecode.swift; path = TableViewCell.swift; sourceTree = "<group>"; };
		EB72C3B929871B240047B251 /* HomeScreenProtocols.swift */ = {isa = PBXFileReference; lastKnownFileType = sourcecode.swift; path = HomeScreenProtocols.swift; sourceTree = "<group>"; };
		EB72C3BB29871B380047B251 /* HomeScreenRouter.swift */ = {isa = PBXFileReference; lastKnownFileType = sourcecode.swift; path = HomeScreenRouter.swift; sourceTree = "<group>"; };
		EB72C3BD29871B550047B251 /* HomeScreenInteractor.swift */ = {isa = PBXFileReference; lastKnownFileType = sourcecode.swift; path = HomeScreenInteractor.swift; sourceTree = "<group>"; };
		EB72C3BF29871B650047B251 /* HomeScreenPresenter.swift */ = {isa = PBXFileReference; lastKnownFileType = sourcecode.swift; path = HomeScreenPresenter.swift; sourceTree = "<group>"; };
/* End PBXFileReference section */

/* Begin PBXFrameworksBuildPhase section */
		EB1C0885298683F200BC7FA8 /* Frameworks */ = {
			isa = PBXFrameworksBuildPhase;
			buildActionMask = 2147483647;
			files = (
			);
			runOnlyForDeploymentPostprocessing = 0;
		};
/* End PBXFrameworksBuildPhase section */

/* Begin PBXGroup section */
		EB1C087F298683F200BC7FA8 = {
			isa = PBXGroup;
			children = (
				EB1C088A298683F200BC7FA8 /* LinkedInCloneHw6 */,
				EB1C0889298683F200BC7FA8 /* Products */,
			);
			sourceTree = "<group>";
		};
		EB1C0889298683F200BC7FA8 /* Products */ = {
			isa = PBXGroup;
			children = (
				EB1C0888298683F200BC7FA8 /* LinkedInCloneHw6.app */,
			);
			name = Products;
			sourceTree = "<group>";
		};
		EB1C088A298683F200BC7FA8 /* LinkedInCloneHw6 */ = {
			isa = PBXGroup;
			children = (
				EB1C088B298683F200BC7FA8 /* AppDelegate.swift */,
				EB1C088D298683F200BC7FA8 /* SceneDelegate.swift */,
				EB234BD029873291003F0E91 /* extensions */,
				EB72C3AD298719F20047B251 /* entity */,
				EB72C3B029871A080047B251 /* homescreen-module */,
				EB1C0891298683F200BC7FA8 /* Main.storyboard */,
				EB1C0894298683F300BC7FA8 /* Assets.xcassets */,
				EB1C0896298683F300BC7FA8 /* LaunchScreen.storyboard */,
				EB1C0899298683F300BC7FA8 /* Info.plist */,
			);
			path = LinkedInCloneHw6;
			sourceTree = "<group>";
		};
		EB234BD029873291003F0E91 /* extensions */ = {
			isa = PBXGroup;
			children = (
				EB234BD12987329E003F0E91 /* Extensions.swift */,
			);
			path = extensions;
			sourceTree = "<group>";
		};
		EB72C3AD298719F20047B251 /* entity */ = {
			isa = PBXGroup;
			children = (
				EB72C3AE29871A020047B251 /* Post.swift */,
			);
			path = entity;
			sourceTree = "<group>";
		};
		EB72C3B029871A080047B251 /* homescreen-module */ = {
			isa = PBXGroup;
			children = (
				EB72C3B129871A780047B251 /* tableview */,
				EB72C3B229871A810047B251 /* protocols */,
				EB72C3B329871A8F0047B251 /* router */,
				EB72C3B429871AA00047B251 /* interactor */,
				EB72C3B529871AB90047B251 /* presenter */,
				EB72C3B629871AC50047B251 /* view */,
			);
			path = "homescreen-module";
			sourceTree = "<group>";
		};
		EB72C3B129871A780047B251 /* tableview */ = {
			isa = PBXGroup;
			children = (
				EB72C3B729871B060047B251 /* TableViewCell.swift */,
			);
			path = tableview;
			sourceTree = "<group>";
		};
		EB72C3B229871A810047B251 /* protocols */ = {
			isa = PBXGroup;
			children = (
				EB72C3B929871B240047B251 /* HomeScreenProtocols.swift */,
			);
			path = protocols;
			sourceTree = "<group>";
		};
		EB72C3B329871A8F0047B251 /* router */ = {
			isa = PBXGroup;
			children = (
				EB72C3BB29871B380047B251 /* HomeScreenRouter.swift */,
			);
			path = router;
			sourceTree = "<group>";
		};
		EB72C3B429871AA00047B251 /* interactor */ = {
			isa = PBXGroup;
			children = (
				EB72C3BD29871B550047B251 /* HomeScreenInteractor.swift */,
			);
			path = interactor;
			sourceTree = "<group>";
		};
		EB72C3B529871AB90047B251 /* presenter */ = {
			isa = PBXGroup;
			children = (
				EB72C3BF29871B650047B251 /* HomeScreenPresenter.swift */,
			);
			path = presenter;
			sourceTree = "<group>";
		};
		EB72C3B629871AC50047B251 /* view */ = {
			isa = PBXGroup;
			children = (
				EB1C088F298683F200BC7FA8 /* HomeScreen.swift */,
			);
			path = view;
			sourceTree = "<group>";
		};
/* End PBXGroup section */

/* Begin PBXNativeTarget section */
		EB1C0887298683F200BC7FA8 /* LinkedInCloneHw6 */ = {
			isa = PBXNativeTarget;
			buildConfigurationList = EB1C089C298683F300BC7FA8 /* Build configuration list for PBXNativeTarget "LinkedInCloneHw6" */;
			buildPhases = (
				EB1C0884298683F200BC7FA8 /* Sources */,
				EB1C0885298683F200BC7FA8 /* Frameworks */,
				EB1C0886298683F200BC7FA8 /* Resources */,
			);
			buildRules = (
			);
			dependencies = (
			);
			name = LinkedInCloneHw6;
			productName = LinkedInCloneHw6;
			productReference = EB1C0888298683F200BC7FA8 /* LinkedInCloneHw6.app */;
			productType = "com.apple.product-type.application";
		};
/* End PBXNativeTarget section */

/* Begin PBXProject section */
		EB1C0880298683F200BC7FA8 /* Project object */ = {
			isa = PBXProject;
			attributes = {
				BuildIndependentTargetsInParallel = 1;
				LastSwiftUpdateCheck = 1420;
				LastUpgradeCheck = 1420;
				TargetAttributes = {
					EB1C0887298683F200BC7FA8 = {
						CreatedOnToolsVersion = 14.2;
					};
				};
			};
			buildConfigurationList = EB1C0883298683F200BC7FA8 /* Build configuration list for PBXProject "LinkedInCloneHw6" */;
			compatibilityVersion = "Xcode 14.0";
			developmentRegion = en;
			hasScannedForEncodings = 0;
			knownRegions = (
				en,
				Base,
			);
			mainGroup = EB1C087F298683F200BC7FA8;
			productRefGroup = EB1C0889298683F200BC7FA8 /* Products */;
			projectDirPath = "";
			projectRoot = "";
			targets = (
				EB1C0887298683F200BC7FA8 /* LinkedInCloneHw6 */,
			);
		};
/* End PBXProject section */

/* Begin PBXResourcesBuildPhase section */
		EB1C0886298683F200BC7FA8 /* Resources */ = {
			isa = PBXResourcesBuildPhase;
			buildActionMask = 2147483647;
			files = (
				EB1C0898298683F300BC7FA8 /* LaunchScreen.storyboard in Resources */,
				EB1C0895298683F300BC7FA8 /* Assets.xcassets in Resources */,
				EB1C0893298683F200BC7FA8 /* Main.storyboard in Resources */,
			);
			runOnlyForDeploymentPostprocessing = 0;
		};
/* End PBXResourcesBuildPhase section */

/* Begin PBXSourcesBuildPhase section */
		EB1C0884298683F200BC7FA8 /* Sources */ = {
			isa = PBXSourcesBuildPhase;
			buildActionMask = 2147483647;
			files = (
				EB72C3BC29871B380047B251 /* HomeScreenRouter.swift in Sources */,
				EB72C3BE29871B550047B251 /* HomeScreenInteractor.swift in Sources */,
				EB72C3B829871B060047B251 /* TableViewCell.swift in Sources */,
				EB1C0890298683F200BC7FA8 /* HomeScreen.swift in Sources */,
				EB1C088C298683F200BC7FA8 /* AppDelegate.swift in Sources */,
				EB234BD22987329E003F0E91 /* Extensions.swift in Sources */,
				EB1C088E298683F200BC7FA8 /* SceneDelegate.swift in Sources */,
				EB72C3BA29871B240047B251 /* HomeScreenProtocols.swift in Sources */,
				EB72C3C029871B650047B251 /* HomeScreenPresenter.swift in Sources */,
				EB72C3AF29871A020047B251 /* Post.swift in Sources */,
			);
			runOnlyForDeploymentPostprocessing = 0;
		};
/* End PBXSourcesBuildPhase section */

/* Begin PBXVariantGroup section */
		EB1C0891298683F200BC7FA8 /* Main.storyboard */ = {
			isa = PBXVariantGroup;
			children = (
				EB1C0892298683F200BC7FA8 /* Base */,
			);
			name = Main.storyboard;
			sourceTree = "<group>";
		};
		EB1C0896298683F300BC7FA8 /* LaunchScreen.storyboard */ = {
			isa = PBXVariantGroup;
			children = (
				EB1C0897298683F300BC7FA8 /* Base */,
			);
			name = LaunchScreen.storyboard;
			sourceTree = "<group>";
		};
/* End PBXVariantGroup section */

/* Begin XCBuildConfiguration section */
		EB1C089A298683F300BC7FA8 /* Debug */ = {
			isa = XCBuildConfiguration;
			buildSettings = {
				ALWAYS_SEARCH_USER_PATHS = NO;
				CLANG_ANALYZER_NONNULL = YES;
				CLANG_ANALYZER_NUMBER_OBJECT_CONVERSION = YES_AGGRESSIVE;
				CLANG_CXX_LANGUAGE_STANDARD = "gnu++20";
				CLANG_ENABLE_MODULES = YES;
				CLANG_ENABLE_OBJC_ARC = YES;
				CLANG_ENABLE_OBJC_WEAK = YES;
				CLANG_WARN_BLOCK_CAPTURE_AUTORELEASING = YES;
				CLANG_WARN_BOOL_CONVERSION = YES;
				CLANG_WARN_COMMA = YES;
				CLANG_WARN_CONSTANT_CONVERSION = YES;
				CLANG_WARN_DEPRECATED_OBJC_IMPLEMENTATIONS = YES;
				CLANG_WARN_DIRECT_OBJC_ISA_USAGE = YES_ERROR;
				CLANG_WARN_DOCUMENTATION_COMMENTS = YES;
				CLANG_WARN_EMPTY_BODY = YES;
				CLANG_WARN_ENUM_CONVERSION = YES;
				CLANG_WARN_INFINITE_RECURSION = YES;
				CLANG_WARN_INT_CONVERSION = YES;
				CLANG_WARN_NON_LITERAL_NULL_CONVERSION = YES;
				CLANG_WARN_OBJC_IMPLICIT_RETAIN_SELF = YES;
				CLANG_WARN_OBJC_LITERAL_CONVERSION = YES;
				CLANG_WARN_OBJC_ROOT_CLASS = YES_ERROR;
				CLANG_WARN_QUOTED_INCLUDE_IN_FRAMEWORK_HEADER = YES;
				CLANG_WARN_RANGE_LOOP_ANALYSIS = YES;
				CLANG_WARN_STRICT_PROTOTYPES = YES;
				CLANG_WARN_SUSPICIOUS_MOVE = YES;
				CLANG_WARN_UNGUARDED_AVAILABILITY = YES_AGGRESSIVE;
				CLANG_WARN_UNREACHABLE_CODE = YES;
				CLANG_WARN__DUPLICATE_METHOD_MATCH = YES;
				COPY_PHASE_STRIP = NO;
				DEBUG_INFORMATION_FORMAT = dwarf;
				ENABLE_STRICT_OBJC_MSGSEND = YES;
				ENABLE_TESTABILITY = YES;
				GCC_C_LANGUAGE_STANDARD = gnu11;
				GCC_DYNAMIC_NO_PIC = NO;
				GCC_NO_COMMON_BLOCKS = YES;
				GCC_OPTIMIZATION_LEVEL = 0;
				GCC_PREPROCESSOR_DEFINITIONS = (
					"DEBUG=1",
					"$(inherited)",
				);
				GCC_WARN_64_TO_32_BIT_CONVERSION = YES;
				GCC_WARN_ABOUT_RETURN_TYPE = YES_ERROR;
				GCC_WARN_UNDECLARED_SELECTOR = YES;
				GCC_WARN_UNINITIALIZED_AUTOS = YES_AGGRESSIVE;
				GCC_WARN_UNUSED_FUNCTION = YES;
				GCC_WARN_UNUSED_VARIABLE = YES;
				IPHONEOS_DEPLOYMENT_TARGET = 16.2;
				MTL_ENABLE_DEBUG_INFO = INCLUDE_SOURCE;
				MTL_FAST_MATH = YES;
				ONLY_ACTIVE_ARCH = YES;
				SDKROOT = iphoneos;
				SWIFT_ACTIVE_COMPILATION_CONDITIONS = DEBUG;
				SWIFT_OPTIMIZATION_LEVEL = "-Onone";
			};
			name = Debug;
		};
		EB1C089B298683F300BC7FA8 /* Release */ = {
			isa = XCBuildConfiguration;
			buildSettings = {
				ALWAYS_SEARCH_USER_PATHS = NO;
				CLANG_ANALYZER_NONNULL = YES;
				CLANG_ANALYZER_NUMBER_OBJECT_CONVERSION = YES_AGGRESSIVE;
				CLANG_CXX_LANGUAGE_STANDARD = "gnu++20";
				CLANG_ENABLE_MODULES = YES;
				CLANG_ENABLE_OBJC_ARC = YES;
				CLANG_ENABLE_OBJC_WEAK = YES;
				CLANG_WARN_BLOCK_CAPTURE_AUTORELEASING = YES;
				CLANG_WARN_BOOL_CONVERSION = YES;
				CLANG_WARN_COMMA = YES;
				CLANG_WARN_CONSTANT_CONVERSION = YES;
				CLANG_WARN_DEPRECATED_OBJC_IMPLEMENTATIONS = YES;
				CLANG_WARN_DIRECT_OBJC_ISA_USAGE = YES_ERROR;
				CLANG_WARN_DOCUMENTATION_COMMENTS = YES;
				CLANG_WARN_EMPTY_BODY = YES;
				CLANG_WARN_ENUM_CONVERSION = YES;
				CLANG_WARN_INFINITE_RECURSION = YES;
				CLANG_WARN_INT_CONVERSION = YES;
				CLANG_WARN_NON_LITERAL_NULL_CONVERSION = YES;
				CLANG_WARN_OBJC_IMPLICIT_RETAIN_SELF = YES;
				CLANG_WARN_OBJC_LITERAL_CONVERSION = YES;
				CLANG_WARN_OBJC_ROOT_CLASS = YES_ERROR;
				CLANG_WARN_QUOTED_INCLUDE_IN_FRAMEWORK_HEADER = YES;
				CLANG_WARN_RANGE_LOOP_ANALYSIS = YES;
				CLANG_WARN_STRICT_PROTOTYPES = YES;
				CLANG_WARN_SUSPICIOUS_MOVE = YES;
				CLANG_WARN_UNGUARDED_AVAILABILITY = YES_AGGRESSIVE;
				CLANG_WARN_UNREACHABLE_CODE = YES;
				CLANG_WARN__DUPLICATE_METHOD_MATCH = YES;
				COPY_PHASE_STRIP = NO;
				DEBUG_INFORMATION_FORMAT = "dwarf-with-dsym";
				ENABLE_NS_ASSERTIONS = NO;
				ENABLE_STRICT_OBJC_MSGSEND = YES;
				GCC_C_LANGUAGE_STANDARD = gnu11;
				GCC_NO_COMMON_BLOCKS = YES;
				GCC_WARN_64_TO_32_BIT_CONVERSION = YES;
				GCC_WARN_ABOUT_RETURN_TYPE = YES_ERROR;
				GCC_WARN_UNDECLARED_SELECTOR = YES;
				GCC_WARN_UNINITIALIZED_AUTOS = YES_AGGRESSIVE;
				GCC_WARN_UNUSED_FUNCTION = YES;
				GCC_WARN_UNUSED_VARIABLE = YES;
				IPHONEOS_DEPLOYMENT_TARGET = 16.2;
				MTL_ENABLE_DEBUG_INFO = NO;
				MTL_FAST_MATH = YES;
				SDKROOT = iphoneos;
				SWIFT_COMPILATION_MODE = wholemodule;
				SWIFT_OPTIMIZATION_LEVEL = "-O";
				VALIDATE_PRODUCT = YES;
			};
			name = Release;
		};
		EB1C089D298683F300BC7FA8 /* Debug */ = {
			isa = XCBuildConfiguration;
			buildSettings = {
				ASSETCATALOG_COMPILER_APPICON_NAME = AppIcon;
				ASSETCATALOG_COMPILER_GLOBAL_ACCENT_COLOR_NAME = AccentColor;
				CODE_SIGN_STYLE = Automatic;
				CURRENT_PROJECT_VERSION = 1;
				DEVELOPMENT_TEAM = 8VZXPVXH33;
				GENERATE_INFOPLIST_FILE = YES;
				INFOPLIST_FILE = LinkedInCloneHw6/Info.plist;
				INFOPLIST_KEY_CFBundleDisplayName = LinkedIn;
				INFOPLIST_KEY_UIApplicationSupportsIndirectInputEvents = YES;
				INFOPLIST_KEY_UILaunchStoryboardName = LaunchScreen;
				INFOPLIST_KEY_UIMainStoryboardFile = Main;
				INFOPLIST_KEY_UIStatusBarStyle = UIStatusBarStyleLightContent;
				INFOPLIST_KEY_UISupportedInterfaceOrientations_iPad = "UIInterfaceOrientationPortrait UIInterfaceOrientationPortraitUpsideDown UIInterfaceOrientationLandscapeLeft UIInterfaceOrientationLandscapeRight";
				INFOPLIST_KEY_UISupportedInterfaceOrientations_iPhone = "UIInterfaceOrientationPortrait UIInterfaceOrientationLandscapeLeft UIInterfaceOrientationLandscapeRight";
				LD_RUNPATH_SEARCH_PATHS = (
					"$(inherited)",
					"@executable_path/Frameworks",
				);
				MARKETING_VERSION = 1.0;
				PRODUCT_BUNDLE_IDENTIFIER = com.berkaytuncel.LinkedInCloneHw6;
				PRODUCT_NAME = "$(TARGET_NAME)";
				SWIFT_EMIT_LOC_STRINGS = YES;
				SWIFT_VERSION = 5.0;
				TARGETED_DEVICE_FAMILY = "1,2";
			};
			name = Debug;
		};
		EB1C089E298683F300BC7FA8 /* Release */ = {
			isa = XCBuildConfiguration;
			buildSettings = {
				ASSETCATALOG_COMPILER_APPICON_NAME = AppIcon;
				ASSETCATALOG_COMPILER_GLOBAL_ACCENT_COLOR_NAME = AccentColor;
				CODE_SIGN_STYLE = Automatic;
				CURRENT_PROJECT_VERSION = 1;
				DEVELOPMENT_TEAM = 8VZXPVXH33;
				GENERATE_INFOPLIST_FILE = YES;
				INFOPLIST_FILE = LinkedInCloneHw6/Info.plist;
				INFOPLIST_KEY_CFBundleDisplayName = LinkedIn;
				INFOPLIST_KEY_UIApplicationSupportsIndirectInputEvents = YES;
				INFOPLIST_KEY_UILaunchStoryboardName = LaunchScreen;
				INFOPLIST_KEY_UIMainStoryboardFile = Main;
				INFOPLIST_KEY_UIStatusBarStyle = UIStatusBarStyleLightContent;
				INFOPLIST_KEY_UISupportedInterfaceOrientations_iPad = "UIInterfaceOrientationPortrait UIInterfaceOrientationPortraitUpsideDown UIInterfaceOrientationLandscapeLeft UIInterfaceOrientationLandscapeRight";
				INFOPLIST_KEY_UISupportedInterfaceOrientations_iPhone = "UIInterfaceOrientationPortrait UIInterfaceOrientationLandscapeLeft UIInterfaceOrientationLandscapeRight";
				LD_RUNPATH_SEARCH_PATHS = (
					"$(inherited)",
					"@executable_path/Frameworks",
				);
				MARKETING_VERSION = 1.0;
				PRODUCT_BUNDLE_IDENTIFIER = com.berkaytuncel.LinkedInCloneHw6;
				PRODUCT_NAME = "$(TARGET_NAME)";
				SWIFT_EMIT_LOC_STRINGS = YES;
				SWIFT_VERSION = 5.0;
				TARGETED_DEVICE_FAMILY = "1,2";
			};
			name = Release;
		};
/* End XCBuildConfiguration section */

/* Begin XCConfigurationList section */
		EB1C0883298683F200BC7FA8 /* Build configuration list for PBXProject "LinkedInCloneHw6" */ = {
			isa = XCConfigurationList;
			buildConfigurations = (
				EB1C089A298683F300BC7FA8 /* Debug */,
				EB1C089B298683F300BC7FA8 /* Release */,
			);
			defaultConfigurationIsVisible = 0;
			defaultConfigurationName = Release;
		};
		EB1C089C298683F300BC7FA8 /* Build configuration list for PBXNativeTarget "LinkedInCloneHw6" */ = {
			isa = XCConfigurationList;
			buildConfigurations = (
				EB1C089D298683F300BC7FA8 /* Debug */,
				EB1C089E298683F300BC7FA8 /* Release */,
			);
			defaultConfigurationIsVisible = 0;
			defaultConfigurationName = Release;
		};
/* End XCConfigurationList section */
	};
	rootObject = EB1C0880298683F200BC7FA8 /* Project object */;
}
